# This file is generated by running "yarn install" inside your project.
# Manual changes might be lost - proceed with caution!

__metadata:
  version: 8
  cacheKey: 10c0

"@asamuzakjp/css-color@npm:^3.2.0":
  version: 3.2.0
  resolution: "@asamuzakjp/css-color@npm:3.2.0"
  dependencies:
    "@csstools/css-calc": "npm:^2.1.3"
    "@csstools/css-color-parser": "npm:^3.0.9"
    "@csstools/css-parser-algorithms": "npm:^3.0.4"
    "@csstools/css-tokenizer": "npm:^3.0.3"
    lru-cache: "npm:^10.4.3"
  checksum: 10c0/a4bf1c831751b1fae46b437e37e8a38c0b5bd58d23230157ae210bd1e905fe509b89b7c243e63d1522d852668a6292ed730a160e21342772b4e5b7b8ea14c092
  languageName: node
  linkType: hard

"@csstools/color-helpers@npm:^5.1.0":
  version: 5.1.0
  resolution: "@csstools/color-helpers@npm:5.1.0"
  checksum: 10c0/b7f99d2e455cf1c9b41a67a5327d5d02888cd5c8802a68b1887dffef537d9d4bc66b3c10c1e62b40bbed638b6c1d60b85a232f904ed7b39809c4029cb36567db
  languageName: node
  linkType: hard

"@csstools/css-calc@npm:^2.1.3, @csstools/css-calc@npm:^2.1.4":
  version: 2.1.4
  resolution: "@csstools/css-calc@npm:2.1.4"
  peerDependencies:
    "@csstools/css-parser-algorithms": ^3.0.5
    "@csstools/css-tokenizer": ^3.0.4
  checksum: 10c0/42ce5793e55ec4d772083808a11e9fb2dfe36db3ec168713069a276b4c3882205b3507c4680224c28a5d35fe0bc2d308c77f8f2c39c7c09aad8747708eb8ddd8
  languageName: node
  linkType: hard

"@csstools/css-color-parser@npm:^3.0.9":
  version: 3.1.0
  resolution: "@csstools/css-color-parser@npm:3.1.0"
  dependencies:
    "@csstools/color-helpers": "npm:^5.1.0"
    "@csstools/css-calc": "npm:^2.1.4"
  peerDependencies:
    "@csstools/css-parser-algorithms": ^3.0.5
    "@csstools/css-tokenizer": ^3.0.4
  checksum: 10c0/0e0c670ad54ec8ec4d9b07568b80defd83b9482191f5e8ca84ab546b7be6db5d7cc2ba7ac9fae54488b129a4be235d6183d3aab4416fec5e89351f73af4222c5
  languageName: node
  linkType: hard

"@csstools/css-parser-algorithms@npm:^3.0.4":
  version: 3.0.5
  resolution: "@csstools/css-parser-algorithms@npm:3.0.5"
  peerDependencies:
    "@csstools/css-tokenizer": ^3.0.4
  checksum: 10c0/d9a1c888bd43849ae3437ca39251d5c95d2c8fd6b5ccdb7c45491dfd2c1cbdc3075645e80901d120e4d2c1993db9a5b2d83793b779dbbabcfb132adb142eb7f7
  languageName: node
  linkType: hard

"@csstools/css-tokenizer@npm:^3.0.3":
  version: 3.0.4
  resolution: "@csstools/css-tokenizer@npm:3.0.4"
  checksum: 10c0/3b589f8e9942075a642213b389bab75a2d50d05d203727fcdac6827648a5572674caff07907eff3f9a2389d86a4ee47308fafe4f8588f4a77b7167c588d2559f
  languageName: node
  linkType: hard

"agent-base@npm:^7.1.0, agent-base@npm:^7.1.2":
  version: 7.1.4
  resolution: "agent-base@npm:7.1.4"
  checksum: 10c0/c2c9ab7599692d594b6a161559ada307b7a624fa4c7b03e3afdb5a5e31cd0e53269115b620fcab024c5ac6a6f37fa5eb2e004f076ad30f5f7e6b8b671f7b35fe
  languageName: node
  linkType: hard

"align-text@npm:^0.1.1, align-text@npm:^0.1.3":
  version: 0.1.4
  resolution: "align-text@npm:0.1.4"
  dependencies:
    kind-of: "npm:^3.0.2"
    longest: "npm:^1.0.1"
    repeat-string: "npm:^1.5.2"
  checksum: 10c0/c0fc03fe5de15cda89f9babb91e77a255013b49912031e86e79f25547aa666622f0a68be3da47fc834ab2c97cfb6b0a967509b2ce883f5306d9c78f6069ced7a
  languageName: node
  linkType: hard

"camelcase@npm:^1.0.2":
  version: 1.2.1
  resolution: "camelcase@npm:1.2.1"
  checksum: 10c0/dec70dfd46be8e31c5f8a4616f441cc3902da9b807f843c2ad4f2a0c79a8907d91914184b40166e2111bfa76cb66de6107924c0529017204e810ef14390381fa
  languageName: node
  linkType: hard

"center-align@npm:^0.1.1":
  version: 0.1.3
  resolution: "center-align@npm:0.1.3"
  dependencies:
    align-text: "npm:^0.1.3"
    lazy-cache: "npm:^1.0.3"
  checksum: 10c0/d12d17b53c4ffce900ecddeb87b781e65af9fe197973015bc2d8fb114fcccdd6457995df26bfe156ffe44573ffbabbba7c67653d92cfc8e1b2e7ec88404cbb61
  languageName: node
  linkType: hard

"cliui@npm:^2.1.0":
  version: 2.1.0
  resolution: "cliui@npm:2.1.0"
  dependencies:
    center-align: "npm:^0.1.1"
    right-align: "npm:^0.1.1"
    wordwrap: "npm:0.0.2"
  checksum: 10c0/a5e7a3c1f354f3dd4cdea613822633a3c73604d4852ab2f5ac24fb7e10a2bef4475b4064e1bdd3db61e9527130a634ca4cef7e18666d03519611e70213606245
  languageName: node
  linkType: hard

"cssstyle@npm:^4.2.1":
  version: 4.6.0
  resolution: "cssstyle@npm:4.6.0"
  dependencies:
    "@asamuzakjp/css-color": "npm:^3.2.0"
    rrweb-cssom: "npm:^0.8.0"
  checksum: 10c0/71add1b0ffafa1bedbef6855db6189b9523d3320e015a0bf3fbd504760efb9a81e1f1a225228d5fa892ee58e56d06994ca372e7f4e461cda7c4c9985fe075f65
  languageName: node
  linkType: hard

"data-urls@npm:^5.0.0":
  version: 5.0.0
  resolution: "data-urls@npm:5.0.0"
  dependencies:
    whatwg-mimetype: "npm:^4.0.0"
    whatwg-url: "npm:^14.0.0"
  checksum: 10c0/1b894d7d41c861f3a4ed2ae9b1c3f0909d4575ada02e36d3d3bc584bdd84278e20709070c79c3b3bff7ac98598cb191eb3e86a89a79ea4ee1ef360e1694f92ad
  languageName: node
  linkType: hard

"datatables@npm:~1.10.0":
  version: 1.10.18
  resolution: "datatables@npm:1.10.18"
  dependencies:
    jquery: "npm:>=1.7"
  checksum: 10c0/c7080486afe35016bc220ef5833c9134e1923975f621c3387892720d999e0c928751330eb8bdfb4e8cff70a6772b9b3631d07fb824aadc55a672700890739371
  languageName: node
  linkType: hard

"debug@npm:4, debug@npm:^4.3.4":
  version: 4.4.1
  resolution: "debug@npm:4.4.1"
  dependencies:
    ms: "npm:^2.1.3"
  peerDependenciesMeta:
    supports-color:
      optional: true
  checksum: 10c0/d2b44bc1afd912b49bb7ebb0d50a860dc93a4dd7d946e8de94abc957bb63726b7dd5aa48c18c2386c379ec024c46692e15ed3ed97d481729f929201e671fcd55
  languageName: node
  linkType: hard

"decamelize@npm:^1.0.0":
  version: 1.2.0
  resolution: "decamelize@npm:1.2.0"
  checksum: 10c0/85c39fe8fbf0482d4a1e224ef0119db5c1897f8503bcef8b826adff7a1b11414972f6fef2d7dec2ee0b4be3863cf64ac1439137ae9e6af23a3d8dcbe26a5b4b2
  languageName: node
  linkType: hard

"decimal.js@npm:^10.5.0":
  version: 10.6.0
  resolution: "decimal.js@npm:10.6.0"
  checksum: 10c0/07d69fbcc54167a340d2d97de95f546f9ff1f69d2b45a02fd7a5292412df3cd9eb7e23065e532a318f5474a2e1bccf8392fdf0443ef467f97f3bf8cb0477e5aa
  languageName: node
  linkType: hard

"entities@npm:^6.0.0":
  version: 6.0.1
  resolution: "entities@npm:6.0.1"
  checksum: 10c0/ed836ddac5acb34341094eb495185d527bd70e8632b6c0d59548cbfa23defdbae70b96f9a405c82904efa421230b5b3fd2283752447d737beffd3f3e6ee74414
  languageName: node
  linkType: hard

"html-encoding-sniffer@npm:^4.0.0":
  version: 4.0.0
  resolution: "html-encoding-sniffer@npm:4.0.0"
  dependencies:
    whatwg-encoding: "npm:^3.1.1"
  checksum: 10c0/523398055dc61ac9b34718a719cb4aa691e4166f29187e211e1607de63dc25ac7af52ca7c9aead0c4b3c0415ffecb17326396e1202e2e86ff4bca4c0ee4c6140
  languageName: node
  linkType: hard

"http-proxy-agent@npm:^7.0.2":
  version: 7.0.2
  resolution: "http-proxy-agent@npm:7.0.2"
  dependencies:
    agent-base: "npm:^7.1.0"
    debug: "npm:^4.3.4"
  checksum: 10c0/4207b06a4580fb85dd6dff521f0abf6db517489e70863dca1a0291daa7f2d3d2d6015a57bd702af068ea5cf9f1f6ff72314f5f5b4228d299c0904135d2aef921
  languageName: node
  linkType: hard

"https-proxy-agent@npm:^7.0.6":
  version: 7.0.6
  resolution: "https-proxy-agent@npm:7.0.6"
  dependencies:
    agent-base: "npm:^7.1.2"
    debug: "npm:4"
  checksum: 10c0/f729219bc735edb621fa30e6e84e60ee5d00802b8247aac0d7b79b0bd6d4b3294737a337b93b86a0bd9e68099d031858a39260c976dc14cdbba238ba1f8779ac
  languageName: node
  linkType: hard

"iconv-lite@npm:0.6.3":
  version: 0.6.3
  resolution: "iconv-lite@npm:0.6.3"
  dependencies:
    safer-buffer: "npm:>= 2.1.2 < 3.0.0"
  checksum: 10c0/98102bc66b33fcf5ac044099d1257ba0b7ad5e3ccd3221f34dd508ab4070edff183276221684e1e0555b145fce0850c9f7d2b60a9fcac50fbb4ea0d6e845a3b1
  languageName: node
  linkType: hard

"is-buffer@npm:^1.1.5":
  version: 1.1.6
  resolution: "is-buffer@npm:1.1.6"
  checksum: 10c0/ae18aa0b6e113d6c490ad1db5e8df9bdb57758382b313f5a22c9c61084875c6396d50bbf49315f5b1926d142d74dfb8d31b40d993a383e0a158b15fea7a82234
  languageName: node
  linkType: hard

"is-potential-custom-element-name@npm:^1.0.1":
  version: 1.0.1
  resolution: "is-potential-custom-element-name@npm:1.0.1"
  checksum: 10c0/b73e2f22bc863b0939941d369486d308b43d7aef1f9439705e3582bfccaa4516406865e32c968a35f97a99396dac84e2624e67b0a16b0a15086a785e16ce7db9
  languageName: node
  linkType: hard

"jquery-kivasort@workspace:.":
  version: 0.0.0-use.local
  resolution: "jquery-kivasort@workspace:."
  dependencies:
    datatables: "npm:~1.10.0"
    jquery: "npm:^3.5.0"
    jsdom: "npm:^26.1.0"
    uglify-js: "npm:^2.6.1"
  dependenciesMeta:
    jquery:
      optional: true
    jsdom:
      optional: true
    uglify-js:
      optional: true
  bin:
    fetchkivapartners: fetchkivajson.js
  languageName: unknown
  linkType: soft

"jquery@npm:>=1.7, jquery@npm:^3.5.0":
  version: 3.6.2
  resolution: "jquery@npm:3.6.2"
  checksum: 10c0/4746ca404f56ab5abe21ba49d05fe809491d618ed2b2a37ed0a745f0744af88fe34e525bdb85335d239425f87161acef7b8ea917727f5fa9f9700e9e72047f3e
  languageName: node
  linkType: hard

"jsdom@npm:^26.1.0":
  version: 26.1.0
  resolution: "jsdom@npm:26.1.0"
  dependencies:
    cssstyle: "npm:^4.2.1"
    data-urls: "npm:^5.0.0"
    decimal.js: "npm:^10.5.0"
    html-encoding-sniffer: "npm:^4.0.0"
    http-proxy-agent: "npm:^7.0.2"
    https-proxy-agent: "npm:^7.0.6"
    is-potential-custom-element-name: "npm:^1.0.1"
    nwsapi: "npm:^2.2.16"
    parse5: "npm:^7.2.1"
    rrweb-cssom: "npm:^0.8.0"
    saxes: "npm:^6.0.0"
    symbol-tree: "npm:^3.2.4"
    tough-cookie: "npm:^5.1.1"
    w3c-xmlserializer: "npm:^5.0.0"
    webidl-conversions: "npm:^7.0.0"
    whatwg-encoding: "npm:^3.1.1"
    whatwg-mimetype: "npm:^4.0.0"
    whatwg-url: "npm:^14.1.1"
    ws: "npm:^8.18.0"
    xml-name-validator: "npm:^5.0.0"
  peerDependencies:
    canvas: ^3.0.0
  peerDependenciesMeta:
    canvas:
      optional: true
  checksum: 10c0/5b14a5bc32ce077a06fb42d1ab95b1191afa5cbbce8859e3b96831c5143becbbcbf0511d4d4934e922d2901443ced2cdc3b734c1cf30b5f73b3e067ce457d0f4
  languageName: node
  linkType: hard

"kind-of@npm:^3.0.2":
  version: 3.2.2
  resolution: "kind-of@npm:3.2.2"
  dependencies:
    is-buffer: "npm:^1.1.5"
  checksum: 10c0/7e34bc29d4b02c997f92f080de34ebb92033a96736bbb0bb2410e033a7e5ae6571f1fa37b2d7710018f95361473b816c604234197f4f203f9cf149d8ef1574d9
  languageName: node
  linkType: hard

"lazy-cache@npm:^1.0.3":
  version: 1.0.4
  resolution: "lazy-cache@npm:1.0.4"
  checksum: 10c0/00f4868a27dc5c491ad86f46068d19bc97c0402d6c7c1449a977fade8ce667d4723beac8e12fdb1d6237156dd25ab0d3c963422bdfcbc76fd25941bfe3c6f015
  languageName: node
  linkType: hard

"longest@npm:^1.0.1":
  version: 1.0.1
  resolution: "longest@npm:1.0.1"
  checksum: 10c0/e77bd510ea4083cc202a8985be1d422d4183e1078775bcf6c5d9aee3e401d9094b44348c720f9d349f230293865b09ee611453ac4694422ad43a9a9bdb092c82
  languageName: node
  linkType: hard

"lru-cache@npm:^10.4.3":
  version: 10.4.3
  resolution: "lru-cache@npm:10.4.3"
  checksum: 10c0/ebd04fbca961e6c1d6c0af3799adcc966a1babe798f685bb84e6599266599cd95d94630b10262f5424539bc4640107e8a33aa28585374abf561d30d16f4b39fb
  languageName: node
  linkType: hard

"ms@npm:^2.1.3":
  version: 2.1.3
  resolution: "ms@npm:2.1.3"
  checksum: 10c0/d924b57e7312b3b63ad21fc5b3dc0af5e78d61a1fc7cfb5457edaf26326bf62be5307cc87ffb6862ef1c2b33b0233cdb5d4f01c4c958cc0d660948b65a287a48
  languageName: node
  linkType: hard

"nwsapi@npm:^2.2.16":
  version: 2.2.22
  resolution: "nwsapi@npm:2.2.22"
  checksum: 10c0/b6a0e5ea6754aacfdfe551c8c0f1b374eaf94d48b0a4e7eac666f879ecbc1892ef1d7c457e9b02eefad3fa1323ea1faebcba533eeab6582e24c9c503411bf879
  languageName: node
  linkType: hard

"parse5@npm:^7.2.1":
  version: 7.3.0
  resolution: "parse5@npm:7.3.0"
  dependencies:
    entities: "npm:^6.0.0"
  checksum: 10c0/7fd2e4e247e85241d6f2a464d0085eed599a26d7b0a5233790c49f53473232eb85350e8133344d9b3fd58b89339e7ad7270fe1f89d28abe50674ec97b87f80b5
  languageName: node
  linkType: hard

"punycode@npm:^2.3.1":
  version: 2.3.1
  resolution: "punycode@npm:2.3.1"
  checksum: 10c0/14f76a8206bc3464f794fb2e3d3cc665ae416c01893ad7a02b23766eb07159144ee612ad67af5e84fa4479ccfe67678c4feb126b0485651b302babf66f04f9e9
  languageName: node
  linkType: hard

"repeat-string@npm:^1.5.2":
  version: 1.6.1
  resolution: "repeat-string@npm:1.6.1"
  checksum: 10c0/87fa21bfdb2fbdedc44b9a5b118b7c1239bdd2c2c1e42742ef9119b7d412a5137a1d23f1a83dc6bb686f4f27429ac6f542e3d923090b44181bafa41e8ac0174d
  languageName: node
  linkType: hard

"right-align@npm:^0.1.1":
  version: 0.1.3
  resolution: "right-align@npm:0.1.3"
  dependencies:
    align-text: "npm:^0.1.1"
  checksum: 10c0/8fdafcb1e4cadd03d392f2a2185ab39265deb80bbe37c6ee4b0a552937c84a10fae5afd7ab4623734f7c5356b1d748daf4130529a2fbc8caa311b6257473ec95
  languageName: node
  linkType: hard

"rrweb-cssom@npm:^0.8.0":
  version: 0.8.0
  resolution: "rrweb-cssom@npm:0.8.0"
  checksum: 10c0/56f2bfd56733adb92c0b56e274c43f864b8dd48784d6fe946ef5ff8d438234015e59ad837fc2ad54714b6421384141c1add4eb569e72054e350d1f8a50b8ac7b
  languageName: node
  linkType: hard

"safer-buffer@npm:>= 2.1.2 < 3.0.0":
  version: 2.1.2
  resolution: "safer-buffer@npm:2.1.2"
  checksum: 10c0/7e3c8b2e88a1841c9671094bbaeebd94448111dd90a81a1f606f3f67708a6ec57763b3b47f06da09fc6054193e0e6709e77325415dc8422b04497a8070fa02d4
  languageName: node
  linkType: hard

"saxes@npm:^6.0.0":
  version: 6.0.0
  resolution: "saxes@npm:6.0.0"
  dependencies:
    xmlchars: "npm:^2.2.0"
  checksum: 10c0/3847b839f060ef3476eb8623d099aa502ad658f5c40fd60c105ebce86d244389b0d76fcae30f4d0c728d7705ceb2f7e9b34bb54717b6a7dbedaf5dad2d9a4b74
  languageName: node
  linkType: hard

"source-map@npm:~0.5.1":
  version: 0.5.7
  resolution: "source-map@npm:0.5.7"
  checksum: 10c0/904e767bb9c494929be013017380cbba013637da1b28e5943b566031e29df04fba57edf3f093e0914be094648b577372bd8ad247fa98cfba9c600794cd16b599
  languageName: node
  linkType: hard

"symbol-tree@npm:^3.2.4":
  version: 3.2.4
  resolution: "symbol-tree@npm:3.2.4"
  checksum: 10c0/dfbe201ae09ac6053d163578778c53aa860a784147ecf95705de0cd23f42c851e1be7889241495e95c37cabb058edb1052f141387bef68f705afc8f9dd358509
  languageName: node
  linkType: hard

"tldts-core@npm:^6.1.86":
  version: 6.1.86
  resolution: "tldts-core@npm:6.1.86"
  checksum: 10c0/8133c29375f3f99f88fce5f4d62f6ecb9532b106f31e5423b27c1eb1b6e711bd41875184a456819ceaed5c8b94f43911b1ad57e25c6eb86e1fc201228ff7e2af
  languageName: node
  linkType: hard

"tldts@npm:^6.1.32":
  version: 6.1.86
  resolution: "tldts@npm:6.1.86"
  dependencies:
    tldts-core: "npm:^6.1.86"
  bin:
    tldts: bin/cli.js
  checksum: 10c0/27ae7526d9d78cb97b2de3f4d102e0b4321d1ccff0648a7bb0e039ed54acbce86bacdcd9cd3c14310e519b457854e7bafbef1f529f58a1e217a737ced63f0940
  languageName: node
  linkType: hard

"tough-cookie@npm:^5.1.1":
  version: 5.1.2
  resolution: "tough-cookie@npm:5.1.2"
  dependencies:
    tldts: "npm:^6.1.32"
  checksum: 10c0/5f95023a47de0f30a902bba951664b359725597d8adeabc66a0b93a931c3af801e1e697dae4b8c21a012056c0ea88bd2bf4dfe66b2adcf8e2f42cd9796fe0626
  languageName: node
  linkType: hard

"tr46@npm:^5.1.0":
  version: 5.1.1
  resolution: "tr46@npm:5.1.1"
  dependencies:
    punycode: "npm:^2.3.1"
  checksum: 10c0/ae270e194d52ec67ebd695c1a42876e0f19b96e4aca2ab464ab1d9d17dc3acd3e18764f5034c93897db73421563be27c70c98359c4501136a497e46deda5d5ec
  languageName: node
  linkType: hard

"uglify-js@npm:^2.6.1":
  version: 2.8.29
  resolution: "uglify-js@npm:2.8.29"
  dependencies:
    source-map: "npm:~0.5.1"
    uglify-to-browserify: "npm:~1.0.0"
    yargs: "npm:~3.10.0"
  dependenciesMeta:
    uglify-to-browserify:
      optional: true
  bin:
    uglifyjs: bin/uglifyjs
  checksum: 10c0/e2e5d67a551975d70aef4b693d369934b4917b17dd2a36270cabd8df884eeb59cb517d9a0a52ca996f11f3b3e202f9563bf620089ffa73d804d08619e338f080
  languageName: node
  linkType: hard

"uglify-to-browserify@npm:~1.0.0":
  version: 1.0.2
  resolution: "uglify-to-browserify@npm:1.0.2"
  checksum: 10c0/7927b554c2cbc110f3e6a5f8f5ed430710e72adadd9dc900fc3393b6d67f281048f2dfd1b2da3df9e88b9308b215247688d16337dccd5202d56636173a83ce16
  languageName: node
  linkType: hard

"w3c-xmlserializer@npm:^5.0.0":
  version: 5.0.0
  resolution: "w3c-xmlserializer@npm:5.0.0"
  dependencies:
    xml-name-validator: "npm:^5.0.0"
  checksum: 10c0/8712774c1aeb62dec22928bf1cdfd11426c2c9383a1a63f2bcae18db87ca574165a0fbe96b312b73652149167ac6c7f4cf5409f2eb101d9c805efe0e4bae798b
  languageName: node
  linkType: hard

"webidl-conversions@npm:^7.0.0":
  version: 7.0.0
  resolution: "webidl-conversions@npm:7.0.0"
  checksum: 10c0/228d8cb6d270c23b0720cb2d95c579202db3aaf8f633b4e9dd94ec2000a04e7e6e43b76a94509cdb30479bd00ae253ab2371a2da9f81446cc313f89a4213a2c4
  languageName: node
  linkType: hard

"whatwg-encoding@npm:^3.1.1":
  version: 3.1.1
  resolution: "whatwg-encoding@npm:3.1.1"
  dependencies:
    iconv-lite: "npm:0.6.3"
  checksum: 10c0/273b5f441c2f7fda3368a496c3009edbaa5e43b71b09728f90425e7f487e5cef9eb2b846a31bd760dd8077739c26faf6b5ca43a5f24033172b003b72cf61a93e
  languageName: node
  linkType: hard

"whatwg-mimetype@npm:^4.0.0":
  version: 4.0.0
  resolution: "whatwg-mimetype@npm:4.0.0"
  checksum: 10c0/a773cdc8126b514d790bdae7052e8bf242970cebd84af62fb2f35a33411e78e981f6c0ab9ed1fe6ec5071b09d5340ac9178e05b52d35a9c4bcf558ba1b1551df
  languageName: node
  linkType: hard

"whatwg-url@npm:^14.0.0, whatwg-url@npm:^14.1.1":
  version: 14.2.0
  resolution: "whatwg-url@npm:14.2.0"
  dependencies:
    tr46: "npm:^5.1.0"
    webidl-conversions: "npm:^7.0.0"
  checksum: 10c0/f746fc2f4c906607d09537de1227b13f9494c171141e5427ed7d2c0dd0b6a48b43d8e71abaae57d368d0c06b673fd8ec63550b32ad5ed64990c7b0266c2b4272
  languageName: node
  linkType: hard

"window-size@npm:0.1.0":
  version: 0.1.0
  resolution: "window-size@npm:0.1.0"
  checksum: 10c0/4753f1d55afde8e89f49ab161a5c5bff9a5e025443a751f6e9654168c319cf9e429ac9ed19e12241cdf0fb9d7fdc4af220abd18f05ad8e254899d331f798723e
  languageName: node
  linkType: hard

"wordwrap@npm:0.0.2":
  version: 0.0.2
  resolution: "wordwrap@npm:0.0.2"
  checksum: 10c0/a697f8d4de35aa5fc09c84756a471a72cf602abcd8f45e132a28b0140369a4abd142676db4daa64632f10472cd7d6fa89daa308914b84ba6a5f43e35b6711501
  languageName: node
  linkType: hard

"ws@npm:^8.18.0":
  version: 8.18.3
  resolution: "ws@npm:8.18.3"
  peerDependencies:
    bufferutil: ^4.0.1
    utf-8-validate: ">=5.0.2"
  peerDependenciesMeta:
    bufferutil:
      optional: true
    utf-8-validate:
      optional: true
  checksum: 10c0/eac918213de265ef7cb3d4ca348b891a51a520d839aa51cdb8ca93d4fa7ff9f6ccb339ccee89e4075324097f0a55157c89fa3f7147bde9d8d7e90335dc087b53
  languageName: node
  linkType: hard

"xml-name-validator@npm:^5.0.0":
  version: 5.0.0
  resolution: "xml-name-validator@npm:5.0.0"
  checksum: 10c0/3fcf44e7b73fb18be917fdd4ccffff3639373c7cb83f8fc35df6001fecba7942f1dbead29d91ebb8315e2f2ff786b508f0c9dc0215b6353f9983c6b7d62cb1f5
  languageName: node
  linkType: hard

"xmlchars@npm:^2.2.0":
  version: 2.2.0
  resolution: "xmlchars@npm:2.2.0"
  checksum: 10c0/b64b535861a6f310c5d9bfa10834cf49127c71922c297da9d4d1b45eeaae40bf9b4363275876088fbe2667e5db028d2cd4f8ee72eed9bede840a67d57dab7593
  languageName: node
  linkType: hard

"yargs@npm:~3.10.0":
  version: 3.10.0
  resolution: "yargs@npm:3.10.0"
  dependencies:
    camelcase: "npm:^1.0.2"
    cliui: "npm:^2.1.0"
    decamelize: "npm:^1.0.0"
    window-size: "npm:0.1.0"
  checksum: 10c0/df727126b4e664987c5bb1f346fbde24d2d5e6bd435d081d816f1f5890811ceb82f90ac7e6eb849eae749dde6fe5a2eda2c6f2b22021824976399fb4362413c1
  languageName: node
  linkType: hard
